
Microsoft Visual Studio Solution File, Format Version 12.00
# Visual Studio Version 17
VisualStudioVersion = 17.7.34221.43
MinimumVisualStudioVersion = 10.0.40219.1
Project("{FAE04EC0-301F-11D3-BF4B-00C04F79EFBC}") = "Extractor", "SkillITExtractor\Extractor.csproj", "{FE0E7C8E-9050-4306-AD75-53AD22EA13C0}"
EndProject
Project("{FAE04EC0-301F-11D3-BF4B-00C04F79EFBC}") = "Models", "SkillITModels\Models.csproj", "{F57A2FA1-C740-436F-B9FE-1FE2D014FFD0}"
EndProject
Project("{FAE04EC0-301F-11D3-BF4B-00C04F79EFBC}") = "Parser", "SkillITParser\Parser.csproj", "{C6B5ABF2-2510-4465-924D-4465A5244C76}"
EndProject
Project("{FAE04EC0-301F-11D3-BF4B-00C04F79EFBC}") = "SkillITTest", "SkillITTest\SkillITTest.csproj", "{C14CC01B-C61D-454F-B05E-AE96A6399A68}"
EndProject
Global
	GlobalSection(SolutionConfigurationPlatforms) = preSolution
		Debug|Any CPU = Debug|Any CPU
		Release|Any CPU = Release|Any CPU
	EndGlobalSection
	GlobalSection(ProjectConfigurationPlatforms) = postSolution
		{FE0E7C8E-9050-4306-AD75-53AD22EA13C0}.Debug|Any CPU.ActiveCfg = Debug|Any CPU
		{FE0E7C8E-9050-4306-AD75-53AD22EA13C0}.Debug|Any CPU.Build.0 = Debug|Any CPU
		{FE0E7C8E-9050-4306-AD75-53AD22EA13C0}.Release|Any CPU.ActiveCfg = Release|Any CPU
		{FE0E7C8E-9050-4306-AD75-53AD22EA13C0}.Release|Any CPU.Build.0 = Release|Any CPU
		{F57A2FA1-C740-436F-B9FE-1FE2D014FFD0}.Debug|Any CPU.ActiveCfg = Debug|Any CPU
		{F57A2FA1-C740-436F-B9FE-1FE2D014FFD0}.Debug|Any CPU.Build.0 = Debug|Any CPU
		{F57A2FA1-C740-436F-B9FE-1FE2D014FFD0}.Release|Any CPU.ActiveCfg = Release|Any CPU
		{F57A2FA1-C740-436F-B9FE-1FE2D014FFD0}.Release|Any CPU.Build.0 = Release|Any CPU
		{C6B5ABF2-2510-4465-924D-4465A5244C76}.Debug|Any CPU.ActiveCfg = Debug|Any CPU
		{C6B5ABF2-2510-4465-924D-4465A5244C76}.Debug|Any CPU.Build.0 = Debug|Any CPU
		{C6B5ABF2-2510-4465-924D-4465A5244C76}.Release|Any CPU.ActiveCfg = Release|Any CPU
		{C6B5ABF2-2510-4465-924D-4465A5244C76}.Release|Any CPU.Build.0 = Release|Any CPU
		{C14CC01B-C61D-454F-B05E-AE96A6399A68}.Debug|Any CPU.ActiveCfg = Debug|Any CPU
		{C14CC01B-C61D-454F-B05E-AE96A6399A68}.Debug|Any CPU.Build.0 = Debug|Any CPU
		{C14CC01B-C61D-454F-B05E-AE96A6399A68}.Release|Any CPU.ActiveCfg = Release|Any CPU
		{C14CC01B-C61D-454F-B05E-AE96A6399A68}.Release|Any CPU.Build.0 = Release|Any CPU
	EndGlobalSection
	GlobalSection(SolutionProperties) = preSolution
		HideSolutionNode = FALSE
	EndGlobalSection
	GlobalSection(ExtensibilityGlobals) = postSolution
		SolutionGuid = {57B9ACE9-4A19-41A7-988F-58F992B4A05A}
	EndGlobalSection
EndGlobal
